
Microsoft Visual Studio Solution File, Format Version 12.00
Project("{FAE04EC0-301F-11D3-BF4B-00C04F79EFBC}") = "SanzWebApplication", "SanzWebApplication\SanzWebApplication.csproj", "{9E0447E5-BC7A-4903-8E6E-CFA8A13936E7}"
EndProject
Project("{FAE04EC0-301F-11D3-BF4B-00C04F79EFBC}") = "SanzWebApplication.Tests", "SanzWebApplication.Tests\SanzWebApplication.Tests.csproj", "{A9C5485D-4B15-4E0D-89B6-42D491840551}"
EndProject
Global
	GlobalSection(SolutionConfigurationPlatforms) = preSolution
		Debug|Any CPU = Debug|Any CPU
		Release|Any CPU = Release|Any CPU
	EndGlobalSection
	GlobalSection(ProjectConfigurationPlatforms) = postSolution
		{9E0447E5-BC7A-4903-8E6E-CFA8A13936E7}.Debug|Any CPU.ActiveCfg = Debug|Any CPU
		{9E0447E5-BC7A-4903-8E6E-CFA8A13936E7}.Debug|Any CPU.Build.0 = Debug|Any CPU
		{9E0447E5-BC7A-4903-8E6E-CFA8A13936E7}.Release|Any CPU.ActiveCfg = Release|Any CPU
		{9E0447E5-BC7A-4903-8E6E-CFA8A13936E7}.Release|Any CPU.Build.0 = Release|Any CPU
		{A9C5485D-4B15-4E0D-89B6-42D491840551}.Debug|Any CPU.ActiveCfg = Debug|Any CPU
		{A9C5485D-4B15-4E0D-89B6-42D491840551}.Debug|Any CPU.Build.0 = Debug|Any CPU
		{A9C5485D-4B15-4E0D-89B6-42D491840551}.Release|Any CPU.ActiveCfg = Release|Any CPU
		{A9C5485D-4B15-4E0D-89B6-42D491840551}.Release|Any CPU.Build.0 = Release|Any CPU
	EndGlobalSection
EndGlobal
